
Microsoft Visual Studio Solution File, Format Version 12.00
# Visual Studio 15
VisualStudioVersion = 15.0.28307.1209
MinimumVisualStudioVersion = 10.0.40219.1
Project("{FAE04EC0-301F-11D3-BF4B-00C04F79EFBC}") = "VisualDevelop", "VisualDevelop\VisualDevelop.csproj", "{8AB9E5DD-CCA4-4EB8-BE98-E9C6602F75BB}"
EndProject
Project("{FAE04EC0-301F-11D3-BF4B-00C04F79EFBC}") = "Tests", "Tests\Tests.csproj", "{BAC92B32-ED64-416E-B03F-72EEF6EC3F3D}"
EndProject
Global
	GlobalSection(SolutionConfigurationPlatforms) = preSolution
		Debug|Any CPU = Debug|Any CPU
		Release|Any CPU = Release|Any CPU
	EndGlobalSection
	GlobalSection(ProjectConfigurationPlatforms) = postSolution
		{8AB9E5DD-CCA4-4EB8-BE98-E9C6602F75BB}.Debug|Any CPU.ActiveCfg = Debug|Any CPU
		{8AB9E5DD-CCA4-4EB8-BE98-E9C6602F75BB}.Debug|Any CPU.Build.0 = Debug|Any CPU
		{8AB9E5DD-CCA4-4EB8-BE98-E9C6602F75BB}.Release|Any CPU.ActiveCfg = Release|Any CPU
		{8AB9E5DD-CCA4-4EB8-BE98-E9C6602F75BB}.Release|Any CPU.Build.0 = Release|Any CPU
		{BAC92B32-ED64-416E-B03F-72EEF6EC3F3D}.Debug|Any CPU.ActiveCfg = Debug|Any CPU
		{BAC92B32-ED64-416E-B03F-72EEF6EC3F3D}.Debug|Any CPU.Build.0 = Debug|Any CPU
		{BAC92B32-ED64-416E-B03F-72EEF6EC3F3D}.Release|Any CPU.ActiveCfg = Release|Any CPU
		{BAC92B32-ED64-416E-B03F-72EEF6EC3F3D}.Release|Any CPU.Build.0 = Release|Any CPU
	EndGlobalSection
	GlobalSection(SolutionProperties) = preSolution
		HideSolutionNode = FALSE
	EndGlobalSection
	GlobalSection(ExtensibilityGlobals) = postSolution
		SolutionGuid = {9F6D81D0-9A3D-4ABD-BEA7-77BE311F5CB7}
	EndGlobalSection
EndGlobal
